{
  "name": "rx-evented",
  "version": "1.0.0",
  "lockfileVersion": 1,
  "requires": true,
  "dependencies": {
    "@types/jest": {
      "version": "23.3.10",
      "resolved": "https://registry.npmjs.org/@types/jest/-/jest-23.3.10.tgz",
      "integrity": "sha512-DC8xTuW/6TYgvEg3HEXS7cu9OijFqprVDXXiOcdOKZCU/5PJNLZU37VVvmZHdtMiGOa8wAA/We+JzbdxFzQTRQ=="
    },
    "deep-equal": {
      "version": "1.0.1",
      "resolved": "https://registry.npmjs.org/deep-equal/-/deep-equal-1.0.1.tgz",
      "integrity": "sha1-9dJgKStmDghO/0zbyfCK0yR0SLU="
    },
    "fast-json-patch": {
      "version": "2.0.7",
      "resolved": "https://registry.npmjs.org/fast-json-patch/-/fast-json-patch-2.0.7.tgz",
      "integrity": "sha512-DQeoEyPYxdTtfmB3yDlxkLyKTdbJ6ABfFGcMynDqjvGhPYLto/pZyb/dG2Nyd/n9CArjEWN9ZST++AFmgzgbGw==",
      "requires": {
        "deep-equal": "1.0.1"
      }
    },
    "one-time": {
      "version": "0.0.4",
      "resolved": "https://registry.npmjs.org/one-time/-/one-time-0.0.4.tgz",
      "integrity": "sha1-+M33eISCb+Tf+T46nMN7HkSAdC4="
    },
    "rx-helper": {
      "version": "2.10.0",
      "resolved": "https://registry.npmjs.org/rx-helper/-/rx-helper-2.10.0.tgz",
      "integrity": "sha512-JCgLIzQiOH/SEVRmD14eNRQvygEOwaL7EzclGNcVvQ6MjiZw0dpyt4LmgyWHY5FThz7ymoLrviU086jTJya5ow==",
      "requires": {
        "@types/jest": "23.3.10",
        "fast-json-patch": "2.0.7"
      }
    },
    "rxjs": {
      "version": "6.3.3",
      "resolved": "https://registry.npmjs.org/rxjs/-/rxjs-6.3.3.tgz",
      "integrity": "sha512-JTWmoY9tWCs7zvIk/CvRjhjGaOd+OVBM987mxFo+OW66cGpdKjZcpmc74ES1sB//7Kl/PAe8+wEakuhG4pcgOw==",
      "requires": {
        "tslib": "1.9.3"
      }
    },
    "rxjs-compat": {
      "version": "6.3.3",
      "resolved": "https://registry.npmjs.org/rxjs-compat/-/rxjs-compat-6.3.3.tgz",
      "integrity": "sha512-caGN7ixiabHpOofginKEquuHk7GgaCrC7UpUQ9ZqGp80tMc68msadOeP/2AKy2R4YJsT1+TX5GZCtxO82qWkyA=="
    },
    "say": {
      "version": "0.16.0",
      "resolved": "https://registry.npmjs.org/say/-/say-0.16.0.tgz",
      "integrity": "sha512-yEfncNu3I6lcZ6RIrXgE9DqbrEmvV5uQQ8ReM14u/DodlvJYpveqNphO55RLMSj77b06ZKNif/FLmhzQxcuUXg==",
      "requires": {
        "one-time": "0.0.4"
      }
    },
    "tslib": {
      "version": "1.9.3",
      "resolved": "https://registry.npmjs.org/tslib/-/tslib-1.9.3.tgz",
      "integrity": "sha512-4krF8scpejhaOgqzBEcGM7yDIEfi0/8+8zDRZhNZZ2kjmHJ4hv3zCbQWxoJGz1iw5U0Jl0nma13xzHXcncMavQ=="
    }
  }
}
