{
  "name": "antares-live",
  "version": "1.0.0",
  "lockfileVersion": 1,
  "requires": true,
  "dependencies": {
    "antares-protocol": {
      "version": "2.7.0",
      "resolved": "https://registry.npmjs.org/antares-protocol/-/antares-protocol-2.7.0.tgz",
      "integrity": "sha512-f+wp5FHGo0AmfiMevzc5B4IGkLLspvcveF7Y/Zz+qsJnMGm3ZuNSJJ9C0svHCoAqzG80AXhYgfCQQ5KN9s//DA==",
      "requires": {
        "fast-json-patch": "^2.0.6"
      }
    },
    "deep-equal": {
      "version": "1.0.1",
      "resolved": "https://registry.npmjs.org/deep-equal/-/deep-equal-1.0.1.tgz",
      "integrity": "sha1-9dJgKStmDghO/0zbyfCK0yR0SLU="
    },
    "fast-json-patch": {
      "version": "2.0.7",
      "resolved": "https://registry.npmjs.org/fast-json-patch/-/fast-json-patch-2.0.7.tgz",
      "integrity": "sha512-DQeoEyPYxdTtfmB3yDlxkLyKTdbJ6ABfFGcMynDqjvGhPYLto/pZyb/dG2Nyd/n9CArjEWN9ZST++AFmgzgbGw==",
      "requires": {
        "deep-equal": "^1.0.1"
      }
    }
  }
}
