{
  "name": "express",
  "version": "1.0.0",
  "lockfileVersion": 1,
  "requires": true,
  "dependencies": {
    "@rematch/core": {
      "version": "0.6.0",
      "resolved": "https://registry.npmjs.org/@rematch/core/-/core-0.6.0.tgz",
      "integrity": "sha512-VbbBz24aUoYkDtYD/hR8V+NKSOB1S44dH3108sdmMaG/BPi3Hw2UgbsHVltTa+vsjhmmsMCFX1RBUs3AmJ36Jw==",
      "requires": {
        "redux": "3.7.2"
      }
    },
    "antares-protocol": {
      "version": "2.3.2",
      "resolved": "https://registry.npmjs.org/antares-protocol/-/antares-protocol-2.3.2.tgz",
      "integrity": "sha512-30j/sPiwLsChCdvyTChfk4LTVQqMPV4xWEwgn2A/NyBuj7RaeyIuYZRTKsiVVMwHbHXH27H7Wwu/FLPql/AbVA==",
      "dev": true,
      "requires": {
        "oboe": "2.1.4"
      }
    },
    "base-64": {
      "version": "0.1.0",
      "resolved": "https://registry.npmjs.org/base-64/-/base-64-0.1.0.tgz",
      "integrity": "sha1-eAqZyE59YAJgNhURxId2E78k9rs=",
      "dev": true
    },
    "basic-auth": {
      "version": "2.0.0",
      "resolved": "https://registry.npmjs.org/basic-auth/-/basic-auth-2.0.0.tgz",
      "integrity": "sha1-AV2z81PgLlY3d1X5YnQuiYHnu7o=",
      "dev": true,
      "requires": {
        "safe-buffer": "5.1.1"
      }
    },
    "clone": {
      "version": "2.1.1",
      "resolved": "https://registry.npmjs.org/clone/-/clone-2.1.1.tgz",
      "integrity": "sha1-0hfR6WERjjrJpLi7oyhVU79kfNs=",
      "dev": true
    },
    "component-emitter": {
      "version": "1.2.0",
      "resolved": "https://registry.npmjs.org/component-emitter/-/component-emitter-1.2.0.tgz",
      "integrity": "sha1-zNETqGOI0GSC0D3j/H35hSa6jv4=",
      "dev": true
    },
    "debug": {
      "version": "2.6.9",
      "resolved": "https://registry.npmjs.org/debug/-/debug-2.6.9.tgz",
      "integrity": "sha512-bC7ElrdJaJnPbAP+1EotYvqZsb3ecl5wi6Bfi6BJTUcNowp6cvspg0jXznRTKDjm/E7AdgFBVeAPVMNcKGsHMA==",
      "dev": true,
      "requires": {
        "ms": "2.0.0"
      }
    },
    "depd": {
      "version": "1.1.2",
      "resolved": "https://registry.npmjs.org/depd/-/depd-1.1.2.tgz",
      "integrity": "sha1-m81S4UwJd2PnSbJ0xDRu0uVgtak=",
      "dev": true
    },
    "ee-first": {
      "version": "1.1.1",
      "resolved": "https://registry.npmjs.org/ee-first/-/ee-first-1.1.1.tgz",
      "integrity": "sha1-WQxhFWsK4vTwJVcyoViyZrxWsh0=",
      "dev": true
    },
    "get-params": {
      "version": "0.1.2",
      "resolved": "https://registry.npmjs.org/get-params/-/get-params-0.1.2.tgz",
      "integrity": "sha1-uuDfq6WIoMYNeDTA2Nwv9g7u8v4=",
      "dev": true
    },
    "http-https": {
      "version": "1.0.0",
      "resolved": "https://registry.npmjs.org/http-https/-/http-https-1.0.0.tgz",
      "integrity": "sha1-L5CN1fHbQGjAWM1ubUzjkskTOJs=",
      "dev": true
    },
    "js-tokens": {
      "version": "4.0.0",
      "resolved": "https://registry.npmjs.org/js-tokens/-/js-tokens-4.0.0.tgz",
      "integrity": "sha512-RdJUflcE3cUzKiMqQgsCu06FPu9UdIJO0beYbPhHN4k6apgJtifcoCtT9bcxOpYBtpD2kCM6Sbzg4CausW/PKQ=="
    },
    "jsan": {
      "version": "3.1.10",
      "resolved": "https://registry.npmjs.org/jsan/-/jsan-3.1.10.tgz",
      "integrity": "sha512-Rpme/mJFG3BlIM8/9L+0qAIGccx6dyYEODdkZUHYKyJI3NIl6d13buXa7aE3lO1kZAGMalG0/6QzalXdDdUc4g==",
      "dev": true
    },
    "linked-list": {
      "version": "0.1.0",
      "resolved": "https://registry.npmjs.org/linked-list/-/linked-list-0.1.0.tgz",
      "integrity": "sha1-eYsP+X0bkqT9CEgPVa6k6dSdN78=",
      "dev": true
    },
    "lodash": {
      "version": "4.17.10",
      "resolved": "https://registry.npmjs.org/lodash/-/lodash-4.17.10.tgz",
      "integrity": "sha512-UejweD1pDoXu+AD825lWwp4ZGtSwgnpZxb3JDViD7StjQz+Nb/6l093lx4OQ0foGWNRoc19mWy7BzL+UAK2iVg=="
    },
    "lodash-es": {
      "version": "4.17.10",
      "resolved": "https://registry.npmjs.org/lodash-es/-/lodash-es-4.17.10.tgz",
      "integrity": "sha512-iesFYPmxYYGTcmQK0sL8bX3TGHyM6b2qREaB4kamHfQyfPJP0xgoGxp19nsH16nsfquLdiyKyX3mQkfiSGV8Rg=="
    },
    "loose-envify": {
      "version": "1.4.0",
      "resolved": "https://registry.npmjs.org/loose-envify/-/loose-envify-1.4.0.tgz",
      "integrity": "sha512-lyuxPGr/Wfhrlem2CL/UcnUc1zcqKAImBDzukY7Y5F/yQiNdko6+fRLevlw1HgMySw7f611UIY408EtxRSoK3Q==",
      "requires": {
        "js-tokens": "4.0.0"
      }
    },
    "morgan": {
      "version": "1.9.0",
      "resolved": "https://registry.npmjs.org/morgan/-/morgan-1.9.0.tgz",
      "integrity": "sha1-0B+mxlhZt2/PMbPLU6OCGjEdgFE=",
      "dev": true,
      "requires": {
        "basic-auth": "2.0.0",
        "debug": "2.6.9",
        "depd": "1.1.2",
        "on-finished": "2.3.0",
        "on-headers": "1.0.1"
      }
    },
    "ms": {
      "version": "2.0.0",
      "resolved": "https://registry.npmjs.org/ms/-/ms-2.0.0.tgz",
      "integrity": "sha1-VgiurfwAvmwpAd9fmGF4jeDVl8g=",
      "dev": true
    },
    "nanoid": {
      "version": "1.1.0",
      "resolved": "https://registry.npmjs.org/nanoid/-/nanoid-1.1.0.tgz",
      "integrity": "sha512-iOCqgXieGrk8/wDt1n9rZS2KB1dYVssemY0NTWjfzVr+1t1gAmdTp1u2+YHppKro3Bk5S+Gs+xmYCfpuXauYXQ==",
      "dev": true
    },
    "oboe": {
      "version": "2.1.4",
      "resolved": "https://registry.npmjs.org/oboe/-/oboe-2.1.4.tgz",
      "integrity": "sha1-IMiM2wwVNxuwQRklfU/dNLCqSfY=",
      "dev": true,
      "requires": {
        "http-https": "1.0.0"
      }
    },
    "on-finished": {
      "version": "2.3.0",
      "resolved": "https://registry.npmjs.org/on-finished/-/on-finished-2.3.0.tgz",
      "integrity": "sha1-IPEzZIGwg811M3mSoWlxqi2QaUc=",
      "dev": true,
      "requires": {
        "ee-first": "1.1.1"
      }
    },
    "on-headers": {
      "version": "1.0.1",
      "resolved": "https://registry.npmjs.org/on-headers/-/on-headers-1.0.1.tgz",
      "integrity": "sha1-ko9dD0cNSTQmUepnlLCFfBAGk/c=",
      "dev": true
    },
    "querystring": {
      "version": "0.2.0",
      "resolved": "https://registry.npmjs.org/querystring/-/querystring-0.2.0.tgz",
      "integrity": "sha1-sgmEkgO7Jd+CDadW50cAWHhSFiA=",
      "dev": true
    },
    "redux": {
      "version": "3.7.2",
      "resolved": "https://registry.npmjs.org/redux/-/redux-3.7.2.tgz",
      "integrity": "sha512-pNqnf9q1hI5HHZRBkj3bAngGZW/JMCmexDlOxw4XagXY2o1327nHH54LoTjiPJ0gizoqPDRqWyX/00g0hD6w+A==",
      "requires": {
        "lodash": "4.17.10",
        "lodash-es": "4.17.10",
        "loose-envify": "1.4.0",
        "symbol-observable": "1.2.0"
      }
    },
    "redux-devtools-instrument": {
      "version": "1.8.3",
      "resolved": "https://registry.npmjs.org/redux-devtools-instrument/-/redux-devtools-instrument-1.8.3.tgz",
      "integrity": "sha1-xRDWerTl5FJazW5BDCWrRrhaynw=",
      "dev": true,
      "requires": {
        "lodash": "4.17.10",
        "symbol-observable": "1.2.0"
      }
    },
    "remote-redux-devtools": {
      "version": "0.5.12",
      "resolved": "https://registry.npmjs.org/remote-redux-devtools/-/remote-redux-devtools-0.5.12.tgz",
      "integrity": "sha1-QsuV36nlTB2WcTF8Xnu6QeaMrsI=",
      "dev": true,
      "requires": {
        "jsan": "3.1.10",
        "querystring": "0.2.0",
        "redux-devtools-instrument": "1.8.3",
        "remotedev-utils": "0.1.4",
        "rn-host-detect": "1.1.3",
        "socketcluster-client": "5.5.2"
      }
    },
    "remotedev-serialize": {
      "version": "0.1.1",
      "resolved": "https://registry.npmjs.org/remotedev-serialize/-/remotedev-serialize-0.1.1.tgz",
      "integrity": "sha1-D1mAALfddRXWf5tRph0hHhjOlVQ=",
      "dev": true,
      "requires": {
        "jsan": "3.1.10"
      }
    },
    "remotedev-utils": {
      "version": "0.1.4",
      "resolved": "https://registry.npmjs.org/remotedev-utils/-/remotedev-utils-0.1.4.tgz",
      "integrity": "sha1-ZDcAgZqUNngHPHXrGF6B2WYgs0g=",
      "dev": true,
      "requires": {
        "get-params": "0.1.2",
        "jsan": "3.1.10",
        "lodash": "4.17.10",
        "remotedev-serialize": "0.1.1",
        "shortid": "2.2.12"
      }
    },
    "rn-host-detect": {
      "version": "1.1.3",
      "resolved": "https://registry.npmjs.org/rn-host-detect/-/rn-host-detect-1.1.3.tgz",
      "integrity": "sha1-JC124vpIXEjXUUFuZbfM5ZaWnpE=",
      "dev": true
    },
    "safe-buffer": {
      "version": "5.1.1",
      "resolved": "https://registry.npmjs.org/safe-buffer/-/safe-buffer-5.1.1.tgz",
      "integrity": "sha512-kKvNJn6Mm93gAczWVJg7wH+wGYWNrDHdWvpUmHyEsgCtIwwo3bqPtV4tR5tuPaUhTOo/kvhVwd8XwwOllGYkbg==",
      "dev": true
    },
    "sc-channel": {
      "version": "1.0.6",
      "resolved": "https://registry.npmjs.org/sc-channel/-/sc-channel-1.0.6.tgz",
      "integrity": "sha1-s4vUepk+eCkPvFNGeGf2sqCghjk=",
      "dev": true,
      "requires": {
        "sc-emitter": "1.1.0"
      }
    },
    "sc-emitter": {
      "version": "1.1.0",
      "resolved": "https://registry.npmjs.org/sc-emitter/-/sc-emitter-1.1.0.tgz",
      "integrity": "sha1-7xGdQiL0xk+Ie0hpZO8REWzdDnU=",
      "dev": true,
      "requires": {
        "component-emitter": "1.2.0"
      }
    },
    "sc-errors": {
      "version": "1.3.3",
      "resolved": "https://registry.npmjs.org/sc-errors/-/sc-errors-1.3.3.tgz",
      "integrity": "sha1-wAvEx2apcMyNWTfQjNWOkx19rgU=",
      "dev": true
    },
    "sc-formatter": {
      "version": "3.0.2",
      "resolved": "https://registry.npmjs.org/sc-formatter/-/sc-formatter-3.0.2.tgz",
      "integrity": "sha512-9PbqYBpCq+OoEeRQ3QfFIGE6qwjjBcd2j7UjgDlhnZbtSnuGgHdcRklPKYGuYFH82V/dwd+AIpu8XvA1zqTd+A==",
      "dev": true
    },
    "shortid": {
      "version": "2.2.12",
      "resolved": "https://registry.npmjs.org/shortid/-/shortid-2.2.12.tgz",
      "integrity": "sha512-sw0knB/ioTu/jVYgJz1IP1b5uhPZtZYwQ9ir/EqXZHI4+Jh8rzzGLM3LKptGHBKoDsgTBDfr4yCRNUX7hEIksQ==",
      "dev": true,
      "requires": {
        "nanoid": "1.1.0"
      }
    },
    "socketcluster-client": {
      "version": "5.5.2",
      "resolved": "https://registry.npmjs.org/socketcluster-client/-/socketcluster-client-5.5.2.tgz",
      "integrity": "sha1-nUNp4Oci/35V5UIsLUT1r+Gv8Sg=",
      "dev": true,
      "requires": {
        "base-64": "0.1.0",
        "clone": "2.1.1",
        "linked-list": "0.1.0",
        "querystring": "0.2.0",
        "sc-channel": "1.0.6",
        "sc-emitter": "1.1.0",
        "sc-errors": "1.3.3",
        "sc-formatter": "3.0.2",
        "ws": "3.0.0"
      }
    },
    "symbol-observable": {
      "version": "1.2.0",
      "resolved": "https://registry.npmjs.org/symbol-observable/-/symbol-observable-1.2.0.tgz",
      "integrity": "sha512-e900nM8RRtGhlV36KGEU9k65K3mPb1WV70OdjfxlG2EAuM1noi/E/BaW/uMhL7bPEssK8QV57vN3esixjUvcXQ=="
    },
    "ultron": {
      "version": "1.1.1",
      "resolved": "https://registry.npmjs.org/ultron/-/ultron-1.1.1.tgz",
      "integrity": "sha512-UIEXBNeYmKptWH6z8ZnqTeS8fV74zG0/eRU9VGkpzz+LIJNs8W/zM/L+7ctCkRrgbNnnR0xxw4bKOr0cW0N0Og==",
      "dev": true
    },
    "ws": {
      "version": "3.0.0",
      "resolved": "https://registry.npmjs.org/ws/-/ws-3.0.0.tgz",
      "integrity": "sha1-mN2wAFbIOQy3Ued4h4hJf5kQO2w=",
      "dev": true,
      "requires": {
        "safe-buffer": "5.0.1",
        "ultron": "1.1.1"
      },
      "dependencies": {
        "safe-buffer": {
          "version": "5.0.1",
          "resolved": "https://registry.npmjs.org/safe-buffer/-/safe-buffer-5.0.1.tgz",
          "integrity": "sha1-0mPKVGls2KMGtcplUekt5XkY++c=",
          "dev": true
        }
      }
    }
  }
}
